{
    "name": "irtx",
    "lockfileVersion": 3,
    "requires": true,
    "packages": {
        "": {
            "dependencies": {
                "@toptensoftware/binpack": "github:toptensoftware/binpack"
            }
        },
        "node_modules/@toptensoftware/binpack": {
            "version": "1.0.17",
            "resolved": "git+ssh://git@github.com/toptensoftware/binpack.git#33b4b041393aead7206494fd9de8baf28d10881b",
            "license": "MIT",
            "dependencies": {
                "@toptensoftware/clargs": "github:toptensoftware/clargs"
            },
            "bin": {
                "binpack": "cli.js"
            }
        },
        "node_modules/@toptensoftware/clargs": {
            "version": "0.0.5",
            "resolved": "git+ssh://git@github.com/toptensoftware/clargs.git#19f623243b8a7de10865d52f1e3faa6b3b78525f",
            "license": "Apache-2.0"
        }
    }
}
